
Microsoft Visual Studio Solution File, Format Version 12.00
Project("{FAE04EC0-301F-11D3-BF4B-00C04F79EFBC}") = "VL.NewAudio", "NewAudio\VL.NewAudio.csproj", "{2C04A167-39A3-44F0-87D3-F677ACD1227E}"
EndProject
Project("{FAE04EC0-301F-11D3-BF4B-00C04F79EFBC}") = "VL.NewAudio.Test", "NewAudioTest\VL.NewAudio.Test.csproj", "{A177CCAD-6B05-4B08-9B51-23A0AB220AD5}"
EndProject
Global
	GlobalSection(SolutionConfigurationPlatforms) = preSolution
		Debug|Any CPU = Debug|Any CPU
		Release|Any CPU = Release|Any CPU
	EndGlobalSection
	GlobalSection(ProjectConfigurationPlatforms) = postSolution
		{2C04A167-39A3-44F0-87D3-F677ACD1227E}.Debug|Any CPU.ActiveCfg = Debug|Any CPU
		{2C04A167-39A3-44F0-87D3-F677ACD1227E}.Debug|Any CPU.Build.0 = Debug|Any CPU
		{2C04A167-39A3-44F0-87D3-F677ACD1227E}.Release|Any CPU.ActiveCfg = Release|Any CPU
		{2C04A167-39A3-44F0-87D3-F677ACD1227E}.Release|Any CPU.Build.0 = Release|Any CPU
		{A177CCAD-6B05-4B08-9B51-23A0AB220AD5}.Debug|Any CPU.ActiveCfg = Debug|Any CPU
		{A177CCAD-6B05-4B08-9B51-23A0AB220AD5}.Debug|Any CPU.Build.0 = Debug|Any CPU
		{A177CCAD-6B05-4B08-9B51-23A0AB220AD5}.Release|Any CPU.ActiveCfg = Release|Any CPU
		{A177CCAD-6B05-4B08-9B51-23A0AB220AD5}.Release|Any CPU.Build.0 = Release|Any CPU
	EndGlobalSection
EndGlobal
